
Microsoft Visual Studio Solution File, Format Version 12.00
# Visual Studio Version 16
VisualStudioVersion = 16.0.31911.196
MinimumVisualStudioVersion = 10.0.40219.1
Project("{8BC9CEB8-8B4A-11D0-8D11-00A0C91BC942}") = "TypeTraitsExample", "TypeTraitsExample\TypeTraitsExample.vcxproj", "{C2837D2E-A7D4-4C51-A0DB-7462F5E64BF3}"
EndProject
Project("{8BC9CEB8-8B4A-11D0-8D11-00A0C91BC942}") = "NontypeTemplateArgumentExample", "NontypeTemplateArgumentExample\NontypeTemplateArgumentExample.vcxproj", "{811365A6-9303-433F-953B-77831532E887}"
EndProject
Project("{8BC9CEB8-8B4A-11D0-8D11-00A0C91BC942}") = "StdFunctionAndBind", "StdFunctionAndBind\StdFunctionAndBind.vcxproj", "{C688D5AD-6B4E-4184-86F8-846BA45F89A6}"
EndProject
Project("{8BC9CEB8-8B4A-11D0-8D11-00A0C91BC942}") = "VirtualFunctionTableAddressExample", "VirtualFunctionTableAddressExample\VirtualFunctionTableAddressExample.vcxproj", "{E5B30B99-ABCD-46AF-9538-AFBA570D3DDE}"
EndProject
Project("{8BC9CEB8-8B4A-11D0-8D11-00A0C91BC942}") = "GetKeyStateVsGetAsyncKeyState", "GetKeyStateVsGetAsyncKeyState\GetKeyStateVsGetAsyncKeyState.vcxproj", "{5D228191-39C6-464C-8839-11C40ED9FBD3}"
EndProject
Project("{8BC9CEB8-8B4A-11D0-8D11-00A0C91BC942}") = "GetAsyncKeyStateExample", "GetAsyncKeyStateExample\GetAsyncKeyStateExample.vcxproj", "{2CDFA4CB-2540-479A-BE3A-CD84367148D6}"
EndProject
Project("{8BC9CEB8-8B4A-11D0-8D11-00A0C91BC942}") = "UniformInitializationExample", "UniformInitializationExample\UniformInitializationExample.vcxproj", "{6F2DE5A1-E14C-4DD7-A20E-DABA29018DFC}"
EndProject
Project("{8BC9CEB8-8B4A-11D0-8D11-00A0C91BC942}") = "VectorResizeExample", "VectorResizeExample\VectorResizeExample.vcxproj", "{F33DE2EE-9750-4D75-BF12-5D60A12BD6AA}"
EndProject
Global
	GlobalSection(SolutionConfigurationPlatforms) = preSolution
		Debug|x64 = Debug|x64
		Debug|x86 = Debug|x86
		Release|x64 = Release|x64
		Release|x86 = Release|x86
	EndGlobalSection
	GlobalSection(ProjectConfigurationPlatforms) = postSolution
		{C2837D2E-A7D4-4C51-A0DB-7462F5E64BF3}.Debug|x64.ActiveCfg = Debug|x64
		{C2837D2E-A7D4-4C51-A0DB-7462F5E64BF3}.Debug|x64.Build.0 = Debug|x64
		{C2837D2E-A7D4-4C51-A0DB-7462F5E64BF3}.Debug|x86.ActiveCfg = Debug|Win32
		{C2837D2E-A7D4-4C51-A0DB-7462F5E64BF3}.Debug|x86.Build.0 = Debug|Win32
		{C2837D2E-A7D4-4C51-A0DB-7462F5E64BF3}.Release|x64.ActiveCfg = Release|x64
		{C2837D2E-A7D4-4C51-A0DB-7462F5E64BF3}.Release|x64.Build.0 = Release|x64
		{C2837D2E-A7D4-4C51-A0DB-7462F5E64BF3}.Release|x86.ActiveCfg = Release|Win32
		{C2837D2E-A7D4-4C51-A0DB-7462F5E64BF3}.Release|x86.Build.0 = Release|Win32
		{811365A6-9303-433F-953B-77831532E887}.Debug|x64.ActiveCfg = Debug|x64
		{811365A6-9303-433F-953B-77831532E887}.Debug|x64.Build.0 = Debug|x64
		{811365A6-9303-433F-953B-77831532E887}.Debug|x86.ActiveCfg = Debug|Win32
		{811365A6-9303-433F-953B-77831532E887}.Debug|x86.Build.0 = Debug|Win32
		{811365A6-9303-433F-953B-77831532E887}.Release|x64.ActiveCfg = Release|x64
		{811365A6-9303-433F-953B-77831532E887}.Release|x64.Build.0 = Release|x64
		{811365A6-9303-433F-953B-77831532E887}.Release|x86.ActiveCfg = Release|Win32
		{811365A6-9303-433F-953B-77831532E887}.Release|x86.Build.0 = Release|Win32
		{C688D5AD-6B4E-4184-86F8-846BA45F89A6}.Debug|x64.ActiveCfg = Debug|x64
		{C688D5AD-6B4E-4184-86F8-846BA45F89A6}.Debug|x64.Build.0 = Debug|x64
		{C688D5AD-6B4E-4184-86F8-846BA45F89A6}.Debug|x86.ActiveCfg = Debug|Win32
		{C688D5AD-6B4E-4184-86F8-846BA45F89A6}.Debug|x86.Build.0 = Debug|Win32
		{C688D5AD-6B4E-4184-86F8-846BA45F89A6}.Release|x64.ActiveCfg = Release|x64
		{C688D5AD-6B4E-4184-86F8-846BA45F89A6}.Release|x64.Build.0 = Release|x64
		{C688D5AD-6B4E-4184-86F8-846BA45F89A6}.Release|x86.ActiveCfg = Release|Win32
		{C688D5AD-6B4E-4184-86F8-846BA45F89A6}.Release|x86.Build.0 = Release|Win32
		{E5B30B99-ABCD-46AF-9538-AFBA570D3DDE}.Debug|x64.ActiveCfg = Debug|x64
		{E5B30B99-ABCD-46AF-9538-AFBA570D3DDE}.Debug|x64.Build.0 = Debug|x64
		{E5B30B99-ABCD-46AF-9538-AFBA570D3DDE}.Debug|x86.ActiveCfg = Debug|Win32
		{E5B30B99-ABCD-46AF-9538-AFBA570D3DDE}.Debug|x86.Build.0 = Debug|Win32
		{E5B30B99-ABCD-46AF-9538-AFBA570D3DDE}.Release|x64.ActiveCfg = Release|x64
		{E5B30B99-ABCD-46AF-9538-AFBA570D3DDE}.Release|x64.Build.0 = Release|x64
		{E5B30B99-ABCD-46AF-9538-AFBA570D3DDE}.Release|x86.ActiveCfg = Release|Win32
		{E5B30B99-ABCD-46AF-9538-AFBA570D3DDE}.Release|x86.Build.0 = Release|Win32
		{5D228191-39C6-464C-8839-11C40ED9FBD3}.Debug|x64.ActiveCfg = Debug|x64
		{5D228191-39C6-464C-8839-11C40ED9FBD3}.Debug|x64.Build.0 = Debug|x64
		{5D228191-39C6-464C-8839-11C40ED9FBD3}.Debug|x86.ActiveCfg = Debug|Win32
		{5D228191-39C6-464C-8839-11C40ED9FBD3}.Debug|x86.Build.0 = Debug|Win32
		{5D228191-39C6-464C-8839-11C40ED9FBD3}.Release|x64.ActiveCfg = Release|x64
		{5D228191-39C6-464C-8839-11C40ED9FBD3}.Release|x64.Build.0 = Release|x64
		{5D228191-39C6-464C-8839-11C40ED9FBD3}.Release|x86.ActiveCfg = Release|Win32
		{5D228191-39C6-464C-8839-11C40ED9FBD3}.Release|x86.Build.0 = Release|Win32
		{2CDFA4CB-2540-479A-BE3A-CD84367148D6}.Debug|x64.ActiveCfg = Debug|x64
		{2CDFA4CB-2540-479A-BE3A-CD84367148D6}.Debug|x64.Build.0 = Debug|x64
		{2CDFA4CB-2540-479A-BE3A-CD84367148D6}.Debug|x86.ActiveCfg = Debug|Win32
		{2CDFA4CB-2540-479A-BE3A-CD84367148D6}.Debug|x86.Build.0 = Debug|Win32
		{2CDFA4CB-2540-479A-BE3A-CD84367148D6}.Release|x64.ActiveCfg = Release|x64
		{2CDFA4CB-2540-479A-BE3A-CD84367148D6}.Release|x64.Build.0 = Release|x64
		{2CDFA4CB-2540-479A-BE3A-CD84367148D6}.Release|x86.ActiveCfg = Release|Win32
		{2CDFA4CB-2540-479A-BE3A-CD84367148D6}.Release|x86.Build.0 = Release|Win32
		{6F2DE5A1-E14C-4DD7-A20E-DABA29018DFC}.Debug|x64.ActiveCfg = Debug|x64
		{6F2DE5A1-E14C-4DD7-A20E-DABA29018DFC}.Debug|x64.Build.0 = Debug|x64
		{6F2DE5A1-E14C-4DD7-A20E-DABA29018DFC}.Debug|x86.ActiveCfg = Debug|Win32
		{6F2DE5A1-E14C-4DD7-A20E-DABA29018DFC}.Debug|x86.Build.0 = Debug|Win32
		{6F2DE5A1-E14C-4DD7-A20E-DABA29018DFC}.Release|x64.ActiveCfg = Release|x64
		{6F2DE5A1-E14C-4DD7-A20E-DABA29018DFC}.Release|x64.Build.0 = Release|x64
		{6F2DE5A1-E14C-4DD7-A20E-DABA29018DFC}.Release|x86.ActiveCfg = Release|Win32
		{6F2DE5A1-E14C-4DD7-A20E-DABA29018DFC}.Release|x86.Build.0 = Release|Win32
		{F33DE2EE-9750-4D75-BF12-5D60A12BD6AA}.Debug|x64.ActiveCfg = Debug|x64
		{F33DE2EE-9750-4D75-BF12-5D60A12BD6AA}.Debug|x64.Build.0 = Debug|x64
		{F33DE2EE-9750-4D75-BF12-5D60A12BD6AA}.Debug|x86.ActiveCfg = Debug|Win32
		{F33DE2EE-9750-4D75-BF12-5D60A12BD6AA}.Debug|x86.Build.0 = Debug|Win32
		{F33DE2EE-9750-4D75-BF12-5D60A12BD6AA}.Release|x64.ActiveCfg = Release|x64
		{F33DE2EE-9750-4D75-BF12-5D60A12BD6AA}.Release|x64.Build.0 = Release|x64
		{F33DE2EE-9750-4D75-BF12-5D60A12BD6AA}.Release|x86.ActiveCfg = Release|Win32
		{F33DE2EE-9750-4D75-BF12-5D60A12BD6AA}.Release|x86.Build.0 = Release|Win32
	EndGlobalSection
	GlobalSection(SolutionProperties) = preSolution
		HideSolutionNode = FALSE
	EndGlobalSection
	GlobalSection(ExtensibilityGlobals) = postSolution
		SolutionGuid = {E111B44F-0963-4499-84E0-B1889AB144F3}
	EndGlobalSection
EndGlobal
